
Microsoft Visual Studio Solution File, Format Version 12.00
# Visual Studio 14
VisualStudioVersion = 14.0.25420.1
MinimumVisualStudioVersion = 10.0.40219.1
Project("{FAE04EC0-301F-11D3-BF4B-00C04F79EFBC}") = "SampleNotification", "SampleNotification\SampleNotification.csproj", "{BE681E0F-8FC2-4990-A578-EF478FDA63C2}"
EndProject
Project("{54435603-DBB4-11D2-8724-00A0C9A8B90C}") = "MailServiceSetup", "MailServiceSetup\MailServiceSetup.vdproj", "{D786528E-B695-4D53-B4EA-4FC84C26E0A8}"
EndProject
Global
	GlobalSection(SolutionConfigurationPlatforms) = preSolution
		Debug|Any CPU = Debug|Any CPU
		Release|Any CPU = Release|Any CPU
	EndGlobalSection
	GlobalSection(ProjectConfigurationPlatforms) = postSolution
		{BE681E0F-8FC2-4990-A578-EF478FDA63C2}.Debug|Any CPU.ActiveCfg = Debug|Any CPU
		{BE681E0F-8FC2-4990-A578-EF478FDA63C2}.Debug|Any CPU.Build.0 = Debug|Any CPU
		{BE681E0F-8FC2-4990-A578-EF478FDA63C2}.Release|Any CPU.ActiveCfg = Release|Any CPU
		{BE681E0F-8FC2-4990-A578-EF478FDA63C2}.Release|Any CPU.Build.0 = Release|Any CPU
		{D786528E-B695-4D53-B4EA-4FC84C26E0A8}.Debug|Any CPU.ActiveCfg = Debug
		{D786528E-B695-4D53-B4EA-4FC84C26E0A8}.Release|Any CPU.ActiveCfg = Release
	EndGlobalSection
	GlobalSection(SolutionProperties) = preSolution
		HideSolutionNode = FALSE
	EndGlobalSection
EndGlobal
